
Microsoft Visual Studio Solution File, Format Version 12.00
# Visual Studio Version 17
VisualStudioVersion = 17.9.34607.119
MinimumVisualStudioVersion = 10.0.40219.1
Project("{FAE04EC0-301F-11D3-BF4B-00C04F79EFBC}") = "TrainingApp.UWP", "TrainingApp\TrainingApp.UWP\TrainingApp.UWP.csproj", "{D73F29FA-21B1-48F2-B57F-A9B734A02155}"
EndProject
Project("{FAE04EC0-301F-11D3-BF4B-00C04F79EFBC}") = "TrainingApp.Android", "TrainingApp\TrainingApp.Android\TrainingApp.Android.csproj", "{923335D8-C025-4AEB-9280-66619D45F49D}"
EndProject
Project("{FAE04EC0-301F-11D3-BF4B-00C04F79EFBC}") = "TrainingApp.iOS", "TrainingApp\TrainingApp.iOS\TrainingApp.iOS.csproj", "{39D66E78-CB84-41D6-BAFB-FAA4A58A444A}"
EndProject
Project("{FAE04EC0-301F-11D3-BF4B-00C04F79EFBC}") = "TrainingApp", "TrainingApp\TrainingApp\TrainingApp.csproj", "{797990A1-7E64-4CDB-B32B-5AFDC72BF709}"
EndProject
Global
	GlobalSection(SolutionConfigurationPlatforms) = preSolution
		Debug|Any CPU = Debug|Any CPU
		Debug|ARM = Debug|ARM
		Debug|iPhone = Debug|iPhone
		Debug|iPhoneSimulator = Debug|iPhoneSimulator
		Debug|x64 = Debug|x64
		Debug|x86 = Debug|x86
		Release|Any CPU = Release|Any CPU
		Release|ARM = Release|ARM
		Release|iPhone = Release|iPhone
		Release|iPhoneSimulator = Release|iPhoneSimulator
		Release|x64 = Release|x64
		Release|x86 = Release|x86
	EndGlobalSection
	GlobalSection(ProjectConfigurationPlatforms) = postSolution
		{D73F29FA-21B1-48F2-B57F-A9B734A02155}.Debug|Any CPU.ActiveCfg = Debug|x64
		{D73F29FA-21B1-48F2-B57F-A9B734A02155}.Debug|Any CPU.Build.0 = Debug|x64
		{D73F29FA-21B1-48F2-B57F-A9B734A02155}.Debug|Any CPU.Deploy.0 = Debug|x64
		{D73F29FA-21B1-48F2-B57F-A9B734A02155}.Debug|ARM.ActiveCfg = Debug|ARM
		{D73F29FA-21B1-48F2-B57F-A9B734A02155}.Debug|ARM.Build.0 = Debug|ARM
		{D73F29FA-21B1-48F2-B57F-A9B734A02155}.Debug|ARM.Deploy.0 = Debug|ARM
		{D73F29FA-21B1-48F2-B57F-A9B734A02155}.Debug|iPhone.ActiveCfg = Debug|x64
		{D73F29FA-21B1-48F2-B57F-A9B734A02155}.Debug|iPhone.Build.0 = Debug|x64
		{D73F29FA-21B1-48F2-B57F-A9B734A02155}.Debug|iPhone.Deploy.0 = Debug|x64
		{D73F29FA-21B1-48F2-B57F-A9B734A02155}.Debug|iPhoneSimulator.ActiveCfg = Debug|x64
		{D73F29FA-21B1-48F2-B57F-A9B734A02155}.Debug|iPhoneSimulator.Build.0 = Debug|x64
		{D73F29FA-21B1-48F2-B57F-A9B734A02155}.Debug|iPhoneSimulator.Deploy.0 = Debug|x64
		{D73F29FA-21B1-48F2-B57F-A9B734A02155}.Debug|x64.ActiveCfg = Debug|x64
		{D73F29FA-21B1-48F2-B57F-A9B734A02155}.Debug|x64.Build.0 = Debug|x64
		{D73F29FA-21B1-48F2-B57F-A9B734A02155}.Debug|x64.Deploy.0 = Debug|x64
		{D73F29FA-21B1-48F2-B57F-A9B734A02155}.Debug|x86.ActiveCfg = Debug|x86
		{D73F29FA-21B1-48F2-B57F-A9B734A02155}.Debug|x86.Build.0 = Debug|x86
		{D73F29FA-21B1-48F2-B57F-A9B734A02155}.Debug|x86.Deploy.0 = Debug|x86
		{D73F29FA-21B1-48F2-B57F-A9B734A02155}.Release|Any CPU.ActiveCfg = Release|x64
		{D73F29FA-21B1-48F2-B57F-A9B734A02155}.Release|Any CPU.Build.0 = Release|x64
		{D73F29FA-21B1-48F2-B57F-A9B734A02155}.Release|Any CPU.Deploy.0 = Release|x64
		{D73F29FA-21B1-48F2-B57F-A9B734A02155}.Release|ARM.ActiveCfg = Release|ARM
		{D73F29FA-21B1-48F2-B57F-A9B734A02155}.Release|ARM.Build.0 = Release|ARM
		{D73F29FA-21B1-48F2-B57F-A9B734A02155}.Release|ARM.Deploy.0 = Release|ARM
		{D73F29FA-21B1-48F2-B57F-A9B734A02155}.Release|iPhone.ActiveCfg = Release|x64
		{D73F29FA-21B1-48F2-B57F-A9B734A02155}.Release|iPhone.Build.0 = Release|x64
		{D73F29FA-21B1-48F2-B57F-A9B734A02155}.Release|iPhone.Deploy.0 = Release|x64
		{D73F29FA-21B1-48F2-B57F-A9B734A02155}.Release|iPhoneSimulator.ActiveCfg = Release|x64
		{D73F29FA-21B1-48F2-B57F-A9B734A02155}.Release|iPhoneSimulator.Build.0 = Release|x64
		{D73F29FA-21B1-48F2-B57F-A9B734A02155}.Release|iPhoneSimulator.Deploy.0 = Release|x64
		{D73F29FA-21B1-48F2-B57F-A9B734A02155}.Release|x64.ActiveCfg = Release|x64
		{D73F29FA-21B1-48F2-B57F-A9B734A02155}.Release|x64.Build.0 = Release|x64
		{D73F29FA-21B1-48F2-B57F-A9B734A02155}.Release|x64.Deploy.0 = Release|x64
		{D73F29FA-21B1-48F2-B57F-A9B734A02155}.Release|x86.ActiveCfg = Release|x86
		{D73F29FA-21B1-48F2-B57F-A9B734A02155}.Release|x86.Build.0 = Release|x86
		{D73F29FA-21B1-48F2-B57F-A9B734A02155}.Release|x86.Deploy.0 = Release|x86
		{923335D8-C025-4AEB-9280-66619D45F49D}.Debug|Any CPU.ActiveCfg = Debug|Any CPU
		{923335D8-C025-4AEB-9280-66619D45F49D}.Debug|Any CPU.Build.0 = Debug|Any CPU
		{923335D8-C025-4AEB-9280-66619D45F49D}.Debug|Any CPU.Deploy.0 = Debug|Any CPU
		{923335D8-C025-4AEB-9280-66619D45F49D}.Debug|ARM.ActiveCfg = Debug|Any CPU
		{923335D8-C025-4AEB-9280-66619D45F49D}.Debug|ARM.Build.0 = Debug|Any CPU
		{923335D8-C025-4AEB-9280-66619D45F49D}.Debug|ARM.Deploy.0 = Debug|Any CPU
		{923335D8-C025-4AEB-9280-66619D45F49D}.Debug|iPhone.ActiveCfg = Debug|Any CPU
		{923335D8-C025-4AEB-9280-66619D45F49D}.Debug|iPhone.Build.0 = Debug|Any CPU
		{923335D8-C025-4AEB-9280-66619D45F49D}.Debug|iPhone.Deploy.0 = Debug|Any CPU
		{923335D8-C025-4AEB-9280-66619D45F49D}.Debug|iPhoneSimulator.ActiveCfg = Debug|Any CPU
		{923335D8-C025-4AEB-9280-66619D45F49D}.Debug|iPhoneSimulator.Build.0 = Debug|Any CPU
		{923335D8-C025-4AEB-9280-66619D45F49D}.Debug|iPhoneSimulator.Deploy.0 = Debug|Any CPU
		{923335D8-C025-4AEB-9280-66619D45F49D}.Debug|x64.ActiveCfg = Debug|Any CPU
		{923335D8-C025-4AEB-9280-66619D45F49D}.Debug|x64.Build.0 = Debug|Any CPU
		{923335D8-C025-4AEB-9280-66619D45F49D}.Debug|x64.Deploy.0 = Debug|Any CPU
		{923335D8-C025-4AEB-9280-66619D45F49D}.Debug|x86.ActiveCfg = Debug|Any CPU
		{923335D8-C025-4AEB-9280-66619D45F49D}.Debug|x86.Build.0 = Debug|Any CPU
		{923335D8-C025-4AEB-9280-66619D45F49D}.Debug|x86.Deploy.0 = Debug|Any CPU
		{923335D8-C025-4AEB-9280-66619D45F49D}.Release|Any CPU.ActiveCfg = Release|Any CPU
		{923335D8-C025-4AEB-9280-66619D45F49D}.Release|Any CPU.Build.0 = Release|Any CPU
		{923335D8-C025-4AEB-9280-66619D45F49D}.Release|Any CPU.Deploy.0 = Release|Any CPU
		{923335D8-C025-4AEB-9280-66619D45F49D}.Release|ARM.ActiveCfg = Release|Any CPU
		{923335D8-C025-4AEB-9280-66619D45F49D}.Release|ARM.Build.0 = Release|Any CPU
		{923335D8-C025-4AEB-9280-66619D45F49D}.Release|ARM.Deploy.0 = Release|Any CPU
		{923335D8-C025-4AEB-9280-66619D45F49D}.Release|iPhone.ActiveCfg = Release|Any CPU
		{923335D8-C025-4AEB-9280-66619D45F49D}.Release|iPhone.Build.0 = Release|Any CPU
		{923335D8-C025-4AEB-9280-66619D45F49D}.Release|iPhone.Deploy.0 = Release|Any CPU
		{923335D8-C025-4AEB-9280-66619D45F49D}.Release|iPhoneSimulator.ActiveCfg = Release|Any CPU
		{923335D8-C025-4AEB-9280-66619D45F49D}.Release|iPhoneSimulator.Build.0 = Release|Any CPU
		{923335D8-C025-4AEB-9280-66619D45F49D}.Release|iPhoneSimulator.Deploy.0 = Release|Any CPU
		{923335D8-C025-4AEB-9280-66619D45F49D}.Release|x64.ActiveCfg = Release|Any CPU
		{923335D8-C025-4AEB-9280-66619D45F49D}.Release|x64.Build.0 = Release|Any CPU
		{923335D8-C025-4AEB-9280-66619D45F49D}.Release|x64.Deploy.0 = Release|Any CPU
		{923335D8-C025-4AEB-9280-66619D45F49D}.Release|x86.ActiveCfg = Release|Any CPU
		{923335D8-C025-4AEB-9280-66619D45F49D}.Release|x86.Build.0 = Release|Any CPU
		{923335D8-C025-4AEB-9280-66619D45F49D}.Release|x86.Deploy.0 = Release|Any CPU
		{39D66E78-CB84-41D6-BAFB-FAA4A58A444A}.Debug|Any CPU.ActiveCfg = Debug|iPhoneSimulator
		{39D66E78-CB84-41D6-BAFB-FAA4A58A444A}.Debug|Any CPU.Build.0 = Debug|iPhoneSimulator
		{39D66E78-CB84-41D6-BAFB-FAA4A58A444A}.Debug|Any CPU.Deploy.0 = Debug|iPhoneSimulator
		{39D66E78-CB84-41D6-BAFB-FAA4A58A444A}.Debug|ARM.ActiveCfg = Debug|iPhoneSimulator
		{39D66E78-CB84-41D6-BAFB-FAA4A58A444A}.Debug|ARM.Build.0 = Debug|iPhoneSimulator
		{39D66E78-CB84-41D6-BAFB-FAA4A58A444A}.Debug|ARM.Deploy.0 = Debug|iPhoneSimulator
		{39D66E78-CB84-41D6-BAFB-FAA4A58A444A}.Debug|iPhone.ActiveCfg = Debug|iPhone
		{39D66E78-CB84-41D6-BAFB-FAA4A58A444A}.Debug|iPhone.Build.0 = Debug|iPhone
		{39D66E78-CB84-41D6-BAFB-FAA4A58A444A}.Debug|iPhone.Deploy.0 = Debug|iPhone
		{39D66E78-CB84-41D6-BAFB-FAA4A58A444A}.Debug|iPhoneSimulator.ActiveCfg = Debug|iPhoneSimulator
		{39D66E78-CB84-41D6-BAFB-FAA4A58A444A}.Debug|iPhoneSimulator.Build.0 = Debug|iPhoneSimulator
		{39D66E78-CB84-41D6-BAFB-FAA4A58A444A}.Debug|iPhoneSimulator.Deploy.0 = Debug|iPhoneSimulator
		{39D66E78-CB84-41D6-BAFB-FAA4A58A444A}.Debug|x64.ActiveCfg = Debug|iPhone
		{39D66E78-CB84-41D6-BAFB-FAA4A58A444A}.Debug|x64.Build.0 = Debug|iPhone
		{39D66E78-CB84-41D6-BAFB-FAA4A58A444A}.Debug|x64.Deploy.0 = Debug|iPhone
		{39D66E78-CB84-41D6-BAFB-FAA4A58A444A}.Debug|x86.ActiveCfg = Debug|iPhoneSimulator
		{39D66E78-CB84-41D6-BAFB-FAA4A58A444A}.Debug|x86.Build.0 = Debug|iPhoneSimulator
		{39D66E78-CB84-41D6-BAFB-FAA4A58A444A}.Debug|x86.Deploy.0 = Debug|iPhoneSimulator
		{39D66E78-CB84-41D6-BAFB-FAA4A58A444A}.Release|Any CPU.ActiveCfg = Release|iPhoneSimulator
		{39D66E78-CB84-41D6-BAFB-FAA4A58A444A}.Release|Any CPU.Build.0 = Release|iPhoneSimulator
		{39D66E78-CB84-41D6-BAFB-FAA4A58A444A}.Release|Any CPU.Deploy.0 = Release|iPhoneSimulator
		{39D66E78-CB84-41D6-BAFB-FAA4A58A444A}.Release|ARM.ActiveCfg = Release|iPhoneSimulator
		{39D66E78-CB84-41D6-BAFB-FAA4A58A444A}.Release|ARM.Build.0 = Release|iPhoneSimulator
		{39D66E78-CB84-41D6-BAFB-FAA4A58A444A}.Release|ARM.Deploy.0 = Release|iPhoneSimulator
		{39D66E78-CB84-41D6-BAFB-FAA4A58A444A}.Release|iPhone.ActiveCfg = Release|iPhone
		{39D66E78-CB84-41D6-BAFB-FAA4A58A444A}.Release|iPhone.Build.0 = Release|iPhone
		{39D66E78-CB84-41D6-BAFB-FAA4A58A444A}.Release|iPhone.Deploy.0 = Release|iPhone
		{39D66E78-CB84-41D6-BAFB-FAA4A58A444A}.Release|iPhoneSimulator.ActiveCfg = Release|iPhoneSimulator
		{39D66E78-CB84-41D6-BAFB-FAA4A58A444A}.Release|iPhoneSimulator.Build.0 = Release|iPhoneSimulator
		{39D66E78-CB84-41D6-BAFB-FAA4A58A444A}.Release|iPhoneSimulator.Deploy.0 = Release|iPhoneSimulator
		{39D66E78-CB84-41D6-BAFB-FAA4A58A444A}.Release|x64.ActiveCfg = Release|iPhoneSimulator
		{39D66E78-CB84-41D6-BAFB-FAA4A58A444A}.Release|x64.Build.0 = Release|iPhoneSimulator
		{39D66E78-CB84-41D6-BAFB-FAA4A58A444A}.Release|x64.Deploy.0 = Release|iPhoneSimulator
		{39D66E78-CB84-41D6-BAFB-FAA4A58A444A}.Release|x86.ActiveCfg = Release|iPhoneSimulator
		{39D66E78-CB84-41D6-BAFB-FAA4A58A444A}.Release|x86.Build.0 = Release|iPhoneSimulator
		{39D66E78-CB84-41D6-BAFB-FAA4A58A444A}.Release|x86.Deploy.0 = Release|iPhoneSimulator
		{797990A1-7E64-4CDB-B32B-5AFDC72BF709}.Debug|Any CPU.ActiveCfg = Debug|Any CPU
		{797990A1-7E64-4CDB-B32B-5AFDC72BF709}.Debug|Any CPU.Build.0 = Debug|Any CPU
		{797990A1-7E64-4CDB-B32B-5AFDC72BF709}.Debug|Any CPU.Deploy.0 = Debug|Any CPU
		{797990A1-7E64-4CDB-B32B-5AFDC72BF709}.Debug|ARM.ActiveCfg = Debug|Any CPU
		{797990A1-7E64-4CDB-B32B-5AFDC72BF709}.Debug|ARM.Build.0 = Debug|Any CPU
		{797990A1-7E64-4CDB-B32B-5AFDC72BF709}.Debug|ARM.Deploy.0 = Debug|Any CPU
		{797990A1-7E64-4CDB-B32B-5AFDC72BF709}.Debug|iPhone.ActiveCfg = Debug|Any CPU
		{797990A1-7E64-4CDB-B32B-5AFDC72BF709}.Debug|iPhone.Build.0 = Debug|Any CPU
		{797990A1-7E64-4CDB-B32B-5AFDC72BF709}.Debug|iPhone.Deploy.0 = Debug|Any CPU
		{797990A1-7E64-4CDB-B32B-5AFDC72BF709}.Debug|iPhoneSimulator.ActiveCfg = Debug|Any CPU
		{797990A1-7E64-4CDB-B32B-5AFDC72BF709}.Debug|iPhoneSimulator.Build.0 = Debug|Any CPU
		{797990A1-7E64-4CDB-B32B-5AFDC72BF709}.Debug|iPhoneSimulator.Deploy.0 = Debug|Any CPU
		{797990A1-7E64-4CDB-B32B-5AFDC72BF709}.Debug|x64.ActiveCfg = Debug|Any CPU
		{797990A1-7E64-4CDB-B32B-5AFDC72BF709}.Debug|x64.Build.0 = Debug|Any CPU
		{797990A1-7E64-4CDB-B32B-5AFDC72BF709}.Debug|x64.Deploy.0 = Debug|Any CPU
		{797990A1-7E64-4CDB-B32B-5AFDC72BF709}.Debug|x86.ActiveCfg = Debug|Any CPU
		{797990A1-7E64-4CDB-B32B-5AFDC72BF709}.Debug|x86.Build.0 = Debug|Any CPU
		{797990A1-7E64-4CDB-B32B-5AFDC72BF709}.Debug|x86.Deploy.0 = Debug|Any CPU
		{797990A1-7E64-4CDB-B32B-5AFDC72BF709}.Release|Any CPU.ActiveCfg = Release|Any CPU
		{797990A1-7E64-4CDB-B32B-5AFDC72BF709}.Release|Any CPU.Build.0 = Release|Any CPU
		{797990A1-7E64-4CDB-B32B-5AFDC72BF709}.Release|Any CPU.Deploy.0 = Release|Any CPU
		{797990A1-7E64-4CDB-B32B-5AFDC72BF709}.Release|ARM.ActiveCfg = Release|Any CPU
		{797990A1-7E64-4CDB-B32B-5AFDC72BF709}.Release|ARM.Build.0 = Release|Any CPU
		{797990A1-7E64-4CDB-B32B-5AFDC72BF709}.Release|ARM.Deploy.0 = Release|Any CPU
		{797990A1-7E64-4CDB-B32B-5AFDC72BF709}.Release|iPhone.ActiveCfg = Release|Any CPU
		{797990A1-7E64-4CDB-B32B-5AFDC72BF709}.Release|iPhone.Build.0 = Release|Any CPU
		{797990A1-7E64-4CDB-B32B-5AFDC72BF709}.Release|iPhone.Deploy.0 = Release|Any CPU
		{797990A1-7E64-4CDB-B32B-5AFDC72BF709}.Release|iPhoneSimulator.ActiveCfg = Release|Any CPU
		{797990A1-7E64-4CDB-B32B-5AFDC72BF709}.Release|iPhoneSimulator.Build.0 = Release|Any CPU
		{797990A1-7E64-4CDB-B32B-5AFDC72BF709}.Release|iPhoneSimulator.Deploy.0 = Release|Any CPU
		{797990A1-7E64-4CDB-B32B-5AFDC72BF709}.Release|x64.ActiveCfg = Release|Any CPU
		{797990A1-7E64-4CDB-B32B-5AFDC72BF709}.Release|x64.Build.0 = Release|Any CPU
		{797990A1-7E64-4CDB-B32B-5AFDC72BF709}.Release|x64.Deploy.0 = Release|Any CPU
		{797990A1-7E64-4CDB-B32B-5AFDC72BF709}.Release|x86.ActiveCfg = Release|Any CPU
		{797990A1-7E64-4CDB-B32B-5AFDC72BF709}.Release|x86.Build.0 = Release|Any CPU
		{797990A1-7E64-4CDB-B32B-5AFDC72BF709}.Release|x86.Deploy.0 = Release|Any CPU
	EndGlobalSection
	GlobalSection(SolutionProperties) = preSolution
		HideSolutionNode = FALSE
	EndGlobalSection
	GlobalSection(ExtensibilityGlobals) = postSolution
		SolutionGuid = {920882B3-00D3-4E47-8F0F-D63EC21D78AE}
	EndGlobalSection
EndGlobal
